PODS:
  - XVIEWScanCodeManager (0.1.4)

DEPENDENCIES:
  - XVIEWScanCodeManager (from `../`)

EXTERNAL SOURCES:
  XVIEWScanCodeManager:
    :path: "../"

SPEC CHECKSUMS:
  XVIEWScanCodeManager: 0ff12669c2a8d9594c7f9dc1694075ba4c511d3c

PODFILE CHECKSUM: 18273bddcd9c938f240baed5daae6e28cb7bb8a6

COCOAPODS: 1.5.3
