PODS:
  - XVIEWScanCodeManager (0.1.2)

DEPENDENCIES:
  - XVIEWScanCodeManager (from `../`)

EXTERNAL SOURCES:
  XVIEWScanCodeManager:
    :path: "../"

SPEC CHECKSUMS:
  XVIEWScanCodeManager: 14fe62bfa312a0ba83aa8460cb11e81ca666b049

PODFILE CHECKSUM: 18273bddcd9c938f240baed5daae6e28cb7bb8a6

COCOAPODS: 1.5.3
